{
  "nodes": {
    "flakeNimbleLib": {
      "inputs": {
        "nixpkgs": [
          "nixpkgs"
        ]
      },
      "locked": {
        "lastModified": 1662018438,
        "narHash": "sha256-QtNtU6+LX3Wokxf0zlFwKTFOcn6TeDjKQZ+DA9OYtvM=",
        "owner": "riinr",
        "repo": "nim-flakes-lib",
        "rev": "b1fe8340736e3a85d25c709ac3dfd82a55c03cbf",
        "type": "github"
      },
      "original": {
        "owner": "riinr",
        "ref": "master",
        "repo": "nim-flakes-lib",
        "type": "github"
      }
    },
    "nixpkgs": {
      "locked": {
        "lastModified": 1667110639,
        "narHash": "sha256-4FbPESZ5LbqQxkJJJBAfk/zKgF9h/4kyUwjjpJwYlbc=",
        "owner": "NixOS",
        "repo": "nixpkgs",
        "rev": "f38a1f04d1bec1feb61fd101a0539ae2002a7087",
        "type": "github"
      },
      "original": {
        "id": "nixpkgs",
        "type": "indirect"
      }
    },
    "root": {
      "inputs": {
        "flakeNimbleLib": "flakeNimbleLib",
        "nixpkgs": "nixpkgs",
        "untar-master": "untar-master"
      }
    },
    "src-untar-master": {
      "flake": false,
      "locked": {
        "lastModified": 1651510994,
        "narHash": "sha256-BxQaRj2td/BxxW/CvDNKyvQyzlp6xNgmjmde81iYoIs=",
        "owner": "dom96",
        "repo": "untar",
        "rev": "b49f6ac94974fe11cb3d396a8a9c533824a497a7",
        "type": "github"
      },
      "original": {
        "owner": "dom96",
        "ref": "refs/heads/master",
        "repo": "untar",
        "type": "github"
      }
    },
    "untar-master": {
      "inputs": {
        "flakeNimbleLib": [
          "flakeNimbleLib"
        ],
        "nixpkgs": [
          "nixpkgs"
        ],
        "src-untar-master": "src-untar-master"
      },
      "locked": {
        "dir": "master",
        "lastModified": 1662254909,
        "narHash": "sha256-JpH3wPmA39TsiGCEhnUZoCF/HGlXA5w1OrJ0fqYk/Lc=",
        "owner": "nim-nix-pkgs",
        "repo": "untar",
        "rev": "319de4c97ab2638d2ccbdde24c5b2c7b005b6fc1",
        "type": "github"
      },
      "original": {
        "dir": "master",
        "owner": "nim-nix-pkgs",
        "ref": "master",
        "repo": "untar",
        "type": "github"
      }
    }
  },
  "root": "root",
  "version": 7
}
